
Microsoft Visual Studio Solution File, Format Version 12.00
# Visual Studio Version 17
VisualStudioVersion = 17.13.35919.96 d17.13
MinimumVisualStudioVersion = 10.0.40219.1
Project("{FAE04EC0-301F-11D3-BF4B-00C04F79EFBC}") = "SecondTrimesterApp", "SecondTrimesterApp\SecondTrimesterApp.csproj", "{22B387F0-0E40-478D-A826-189B4AFB240E}"
EndProject
Global
	GlobalSection(SolutionConfigurationPlatforms) = preSolution
		Debug|Any CPU = Debug|Any CPU
		Release|Any CPU = Release|Any CPU
	EndGlobalSection
	GlobalSection(ProjectConfigurationPlatforms) = postSolution
		{22B387F0-0E40-478D-A826-189B4AFB240E}.Debug|Any CPU.ActiveCfg = Debug|Any CPU
		{22B387F0-0E40-478D-A826-189B4AFB240E}.Debug|Any CPU.Build.0 = Debug|Any CPU
		{22B387F0-0E40-478D-A826-189B4AFB240E}.Release|Any CPU.ActiveCfg = Release|Any CPU
		{22B387F0-0E40-478D-A826-189B4AFB240E}.Release|Any CPU.Build.0 = Release|Any CPU
	EndGlobalSection
	GlobalSection(SolutionProperties) = preSolution
		HideSolutionNode = FALSE
	EndGlobalSection
	GlobalSection(ExtensibilityGlobals) = postSolution
		SolutionGuid = {D4D2F089-85CA-4281-8E75-23E6770C10FD}
	EndGlobalSection
EndGlobal
